
Microsoft Visual Studio Solution File, Format Version 12.00
# Visual Studio Version 16
VisualStudioVersion = 16.0.32413.511
MinimumVisualStudioVersion = 10.0.40219.1
Project("{FAE04EC0-301F-11D3-BF4B-00C04F79EFBC}") = "WebApi", "WebApi\WebApi.csproj", "{16B64A9B-ACE6-4417-95F6-3F967741DA4F}"
EndProject
Project("{FAE04EC0-301F-11D3-BF4B-00C04F79EFBC}") = "FrontEnd", "FrontEnd\FrontEnd.csproj", "{A86E111C-66B9-4711-B1CE-B9F1E370B569}"
EndProject
Global
	GlobalSection(SolutionConfigurationPlatforms) = preSolution
		Debug|Any CPU = Debug|Any CPU
		Release|Any CPU = Release|Any CPU
	EndGlobalSection
	GlobalSection(ProjectConfigurationPlatforms) = postSolution
		{16B64A9B-ACE6-4417-95F6-3F967741DA4F}.Debug|Any CPU.ActiveCfg = Debug|Any CPU
		{16B64A9B-ACE6-4417-95F6-3F967741DA4F}.Debug|Any CPU.Build.0 = Debug|Any CPU
		{16B64A9B-ACE6-4417-95F6-3F967741DA4F}.Release|Any CPU.ActiveCfg = Release|Any CPU
		{16B64A9B-ACE6-4417-95F6-3F967741DA4F}.Release|Any CPU.Build.0 = Release|Any CPU
		{A86E111C-66B9-4711-B1CE-B9F1E370B569}.Debug|Any CPU.ActiveCfg = Debug|Any CPU
		{A86E111C-66B9-4711-B1CE-B9F1E370B569}.Debug|Any CPU.Build.0 = Debug|Any CPU
		{A86E111C-66B9-4711-B1CE-B9F1E370B569}.Release|Any CPU.ActiveCfg = Release|Any CPU
		{A86E111C-66B9-4711-B1CE-B9F1E370B569}.Release|Any CPU.Build.0 = Release|Any CPU
	EndGlobalSection
	GlobalSection(SolutionProperties) = preSolution
		HideSolutionNode = FALSE
	EndGlobalSection
	GlobalSection(ExtensibilityGlobals) = postSolution
		SolutionGuid = {0046C030-4AC9-4FAB-AFDD-96D489277C2B}
	EndGlobalSection
EndGlobal
